{
  "object": {
    "pins": [
      {
        "package": "swift-log",
        "repositoryURL": "https://github.com/apple/swift-log",
        "state": {
          "branch": null,
          "revision": "74d7b91ceebc85daf387ebb206003f78813f71aa",
          "version": "1.2.0"
        }
      },
      {
        "package": "TextMarkupKit",
        "repositoryURL": "https://github.com/bdewey/TextMarkupKit.git",
        "state": {
          "branch": null,
          "revision": "03a5353cc435c0c0ec69b80d222cbc1f0364ea69",
          "version": "0.1.0"
        }
      }
    ]
  },
  "version": 1
}
