{
  "object": {
    "pins": [
      {
        "package": "swift-log",
        "repositoryURL": "https://github.com/apple/swift-log",
        "state": {
          "branch": null,
          "revision": "74d7b91ceebc85daf387ebb206003f78813f71aa",
          "version": "1.2.0"
        }
      },
      {
        "package": "TextMarkupKit",
        "repositoryURL": "https://github.com/bdewey/TextMarkupKit.git",
        "state": {
          "branch": null,
          "revision": "7b973e8c0be214df514a541a7aa43c934a79c4c2",
          "version": "0.2.0"
        }
      }
    ]
  },
  "version": 1
}
